
Microsoft Visual Studio Solution File, Format Version 12.00
# Visual Studio 15
VisualStudioVersion = 15.0.26228.10
MinimumVisualStudioVersion = 10.0.40219.1
Project("{2150E333-8FDC-42A3-9474-1A3956D46DE8}") = "samples", "samples", "{FBAC4C17-D755-49A9-959D-18FD6B95B543}"
EndProject
Project("{2150E333-8FDC-42A3-9474-1A3956D46DE8}") = "tests", "tests", "{2DAF5EF9-8F8E-4C51-BE2D-8D63CA143360}"
EndProject
Project("{2150E333-8FDC-42A3-9474-1A3956D46DE8}") = "items", "items", "{6BEB33C6-FA17-4F58-ACC3-83C1EB28B604}"
	ProjectSection(SolutionItems) = preProject
		.gitattributes = .gitattributes
		.gitignore = .gitignore
		GitVersion.yml = GitVersion.yml
		LICENSE.md = LICENSE.md
		README.md = README.md
	EndProjectSection
EndProject
Project("{2150E333-8FDC-42A3-9474-1A3956D46DE8}") = "src", "src", "{520AB1D3-C501-40FD-ACEB-7CC0D1F00B90}"
EndProject
Project("{9A19103F-16F7-4668-BE54-9A1E7A4F7556}") = "GeekLearning.Storage", "src\GeekLearning.Storage\GeekLearning.Storage.csproj", "{1F419C53-73C6-4460-B284-6A49AE41C596}"
EndProject
Project("{9A19103F-16F7-4668-BE54-9A1E7A4F7556}") = "GeekLearning.Storage.Azure", "src\GeekLearning.Storage.Azure\GeekLearning.Storage.Azure.csproj", "{FD8BB8F9-9AF5-4C12-B962-9E08C30B01E2}"
EndProject
Project("{9A19103F-16F7-4668-BE54-9A1E7A4F7556}") = "GeekLearning.Storage.FileSystem", "src\GeekLearning.Storage.FileSystem\GeekLearning.Storage.FileSystem.csproj", "{4A12B042-76B3-471B-9235-F653E1ABE3C0}"
EndProject
Project("{9A19103F-16F7-4668-BE54-9A1E7A4F7556}") = "GeekLearning.Storage.BasicSample", "samples\GeekLearning.Storage.BasicSample\GeekLearning.Storage.BasicSample.csproj", "{63416AEA-DA51-4D62-B566-DB7D9BC800DC}"
EndProject
Project("{9A19103F-16F7-4668-BE54-9A1E7A4F7556}") = "GeekLearning.Storage.FileSystem.Server", "src\GeekLearning.Storage.FileSystem.Server\GeekLearning.Storage.FileSystem.Server.csproj", "{9D94CD6C-9451-449A-BED2-1C07D624A8E0}"
EndProject
Project("{9A19103F-16F7-4668-BE54-9A1E7A4F7556}") = "GeekLearning.Storage.Integration.Test", "tests\GeekLearning.Storage.Integration.Test\GeekLearning.Storage.Integration.Test.csproj", "{590B21B0-2AFA-4329-82AD-EF180C50EB5C}"
EndProject
Project("{9A19103F-16F7-4668-BE54-9A1E7A4F7556}") = "GeekLearning.Storage.FileSystem.ExtendedProperties.FileSystem", "src\GeekLearning.Storage.FileSystem.ExtendedProperties.FileSystem\GeekLearning.Storage.FileSystem.ExtendedProperties.FileSystem.csproj", "{8C02EBBE-9EC8-4F47-9464-5A94BDE25A8F}"
EndProject
Global
	GlobalSection(SolutionConfigurationPlatforms) = preSolution
		Debug|Any CPU = Debug|Any CPU
		Release|Any CPU = Release|Any CPU
	EndGlobalSection
	GlobalSection(ProjectConfigurationPlatforms) = postSolution
		{1F419C53-73C6-4460-B284-6A49AE41C596}.Debug|Any CPU.ActiveCfg = Debug|Any CPU
		{1F419C53-73C6-4460-B284-6A49AE41C596}.Debug|Any CPU.Build.0 = Debug|Any CPU
		{1F419C53-73C6-4460-B284-6A49AE41C596}.Release|Any CPU.ActiveCfg = Release|Any CPU
		{1F419C53-73C6-4460-B284-6A49AE41C596}.Release|Any CPU.Build.0 = Release|Any CPU
		{FD8BB8F9-9AF5-4C12-B962-9E08C30B01E2}.Debug|Any CPU.ActiveCfg = Debug|Any CPU
		{FD8BB8F9-9AF5-4C12-B962-9E08C30B01E2}.Debug|Any CPU.Build.0 = Debug|Any CPU
		{FD8BB8F9-9AF5-4C12-B962-9E08C30B01E2}.Release|Any CPU.ActiveCfg = Release|Any CPU
		{FD8BB8F9-9AF5-4C12-B962-9E08C30B01E2}.Release|Any CPU.Build.0 = Release|Any CPU
		{4A12B042-76B3-471B-9235-F653E1ABE3C0}.Debug|Any CPU.ActiveCfg = Debug|Any CPU
		{4A12B042-76B3-471B-9235-F653E1ABE3C0}.Debug|Any CPU.Build.0 = Debug|Any CPU
		{4A12B042-76B3-471B-9235-F653E1ABE3C0}.Release|Any CPU.ActiveCfg = Release|Any CPU
		{4A12B042-76B3-471B-9235-F653E1ABE3C0}.Release|Any CPU.Build.0 = Release|Any CPU
		{63416AEA-DA51-4D62-B566-DB7D9BC800DC}.Debug|Any CPU.ActiveCfg = Debug|Any CPU
		{63416AEA-DA51-4D62-B566-DB7D9BC800DC}.Debug|Any CPU.Build.0 = Debug|Any CPU
		{63416AEA-DA51-4D62-B566-DB7D9BC800DC}.Release|Any CPU.ActiveCfg = Release|Any CPU
		{63416AEA-DA51-4D62-B566-DB7D9BC800DC}.Release|Any CPU.Build.0 = Release|Any CPU
		{9D94CD6C-9451-449A-BED2-1C07D624A8E0}.Debug|Any CPU.ActiveCfg = Debug|Any CPU
		{9D94CD6C-9451-449A-BED2-1C07D624A8E0}.Debug|Any CPU.Build.0 = Debug|Any CPU
		{9D94CD6C-9451-449A-BED2-1C07D624A8E0}.Release|Any CPU.ActiveCfg = Release|Any CPU
		{9D94CD6C-9451-449A-BED2-1C07D624A8E0}.Release|Any CPU.Build.0 = Release|Any CPU
		{590B21B0-2AFA-4329-82AD-EF180C50EB5C}.Debug|Any CPU.ActiveCfg = Debug|Any CPU
		{590B21B0-2AFA-4329-82AD-EF180C50EB5C}.Debug|Any CPU.Build.0 = Debug|Any CPU
		{590B21B0-2AFA-4329-82AD-EF180C50EB5C}.Release|Any CPU.ActiveCfg = Release|Any CPU
		{590B21B0-2AFA-4329-82AD-EF180C50EB5C}.Release|Any CPU.Build.0 = Release|Any CPU
		{8C02EBBE-9EC8-4F47-9464-5A94BDE25A8F}.Debug|Any CPU.ActiveCfg = Debug|Any CPU
		{8C02EBBE-9EC8-4F47-9464-5A94BDE25A8F}.Debug|Any CPU.Build.0 = Debug|Any CPU
		{8C02EBBE-9EC8-4F47-9464-5A94BDE25A8F}.Release|Any CPU.ActiveCfg = Release|Any CPU
		{8C02EBBE-9EC8-4F47-9464-5A94BDE25A8F}.Release|Any CPU.Build.0 = Release|Any CPU
	EndGlobalSection
	GlobalSection(SolutionProperties) = preSolution
		HideSolutionNode = FALSE
	EndGlobalSection
	GlobalSection(NestedProjects) = preSolution
		{1F419C53-73C6-4460-B284-6A49AE41C596} = {520AB1D3-C501-40FD-ACEB-7CC0D1F00B90}
		{FD8BB8F9-9AF5-4C12-B962-9E08C30B01E2} = {520AB1D3-C501-40FD-ACEB-7CC0D1F00B90}
		{4A12B042-76B3-471B-9235-F653E1ABE3C0} = {520AB1D3-C501-40FD-ACEB-7CC0D1F00B90}
		{63416AEA-DA51-4D62-B566-DB7D9BC800DC} = {FBAC4C17-D755-49A9-959D-18FD6B95B543}
		{9D94CD6C-9451-449A-BED2-1C07D624A8E0} = {520AB1D3-C501-40FD-ACEB-7CC0D1F00B90}
		{590B21B0-2AFA-4329-82AD-EF180C50EB5C} = {2DAF5EF9-8F8E-4C51-BE2D-8D63CA143360}
		{8C02EBBE-9EC8-4F47-9464-5A94BDE25A8F} = {520AB1D3-C501-40FD-ACEB-7CC0D1F00B90}
	EndGlobalSection
EndGlobal
