
Microsoft Visual Studio Solution File, Format Version 12.00
# Visual Studio 14
VisualStudioVersion = 14.0.25123.0
MinimumVisualStudioVersion = 10.0.40219.1
Project("{8BB2217D-0F2D-49D1-97BC-3654ED321F3B}") = "GeekLearning.Storage", "src\GeekLearning.Storage\GeekLearning.Storage.xproj", "{1F419C53-73C6-4460-B284-6A49AE41C596}"
EndProject
Project("{2150E333-8FDC-42A3-9474-1A3956D46DE8}") = "Samples", "Samples", "{FBAC4C17-D755-49A9-959D-18FD6B95B543}"
EndProject
Project("{8BB2217D-0F2D-49D1-97BC-3654ED321F3B}") = "GeekLearning.Storage.Azure", "src\GeekLearning.Storage.Azure\GeekLearning.Storage.Azure.xproj", "{FD8BB8F9-9AF5-4C12-B962-9E08C30B01E2}"
EndProject
Project("{8BB2217D-0F2D-49D1-97BC-3654ED321F3B}") = "GeekLearning.Storage.FileSystem", "src\GeekLearning.Storage.FileSystem\GeekLearning.Storage.FileSystem.xproj", "{4A12B042-76B3-471B-9235-F653E1ABE3C0}"
EndProject
Project("{8BB2217D-0F2D-49D1-97BC-3654ED321F3B}") = "GeekLearning.Storage.BasicSample", "samples\GeekLearning.Storage.BasicSample\GeekLearning.Storage.BasicSample.xproj", "{63416AEA-DA51-4D62-B566-DB7D9BC800DC}"
EndProject
Global
	GlobalSection(SolutionConfigurationPlatforms) = preSolution
		Debug|Any CPU = Debug|Any CPU
		Release|Any CPU = Release|Any CPU
	EndGlobalSection
	GlobalSection(ProjectConfigurationPlatforms) = postSolution
		{1F419C53-73C6-4460-B284-6A49AE41C596}.Debug|Any CPU.ActiveCfg = Debug|Any CPU
		{1F419C53-73C6-4460-B284-6A49AE41C596}.Debug|Any CPU.Build.0 = Debug|Any CPU
		{1F419C53-73C6-4460-B284-6A49AE41C596}.Release|Any CPU.ActiveCfg = Release|Any CPU
		{1F419C53-73C6-4460-B284-6A49AE41C596}.Release|Any CPU.Build.0 = Release|Any CPU
		{FD8BB8F9-9AF5-4C12-B962-9E08C30B01E2}.Debug|Any CPU.ActiveCfg = Debug|Any CPU
		{FD8BB8F9-9AF5-4C12-B962-9E08C30B01E2}.Debug|Any CPU.Build.0 = Debug|Any CPU
		{FD8BB8F9-9AF5-4C12-B962-9E08C30B01E2}.Release|Any CPU.ActiveCfg = Release|Any CPU
		{FD8BB8F9-9AF5-4C12-B962-9E08C30B01E2}.Release|Any CPU.Build.0 = Release|Any CPU
		{4A12B042-76B3-471B-9235-F653E1ABE3C0}.Debug|Any CPU.ActiveCfg = Debug|Any CPU
		{4A12B042-76B3-471B-9235-F653E1ABE3C0}.Debug|Any CPU.Build.0 = Debug|Any CPU
		{4A12B042-76B3-471B-9235-F653E1ABE3C0}.Release|Any CPU.ActiveCfg = Release|Any CPU
		{4A12B042-76B3-471B-9235-F653E1ABE3C0}.Release|Any CPU.Build.0 = Release|Any CPU
		{63416AEA-DA51-4D62-B566-DB7D9BC800DC}.Debug|Any CPU.ActiveCfg = Debug|Any CPU
		{63416AEA-DA51-4D62-B566-DB7D9BC800DC}.Debug|Any CPU.Build.0 = Debug|Any CPU
		{63416AEA-DA51-4D62-B566-DB7D9BC800DC}.Release|Any CPU.ActiveCfg = Release|Any CPU
		{63416AEA-DA51-4D62-B566-DB7D9BC800DC}.Release|Any CPU.Build.0 = Release|Any CPU
	EndGlobalSection
	GlobalSection(SolutionProperties) = preSolution
		HideSolutionNode = FALSE
	EndGlobalSection
	GlobalSection(NestedProjects) = preSolution
		{63416AEA-DA51-4D62-B566-DB7D9BC800DC} = {FBAC4C17-D755-49A9-959D-18FD6B95B543}
	EndGlobalSection
EndGlobal
